// !$*UTF8*$!
{
	archiveVersion = 1;
	classes = {
	};
	objectVersion = 46;
	objects = {

/* Begin PBXBuildFile section */
		5706721A1DC0AF4C00B6BE63 /* main.m in Sources */ = {isa = PBXBuildFile; fileRef = 570672191DC0AF4C00B6BE63 /* main.m */; };
		5706721D1DC0AF4C00B6BE63 /* AppDelegate.m in Sources */ = {isa = PBXBuildFile; fileRef = 5706721C1DC0AF4C00B6BE63 /* AppDelegate.m */; };
		570672201DC0AF4C00B6BE63 /* ViewController.m in Sources */ = {isa = PBXBuildFile; fileRef = 5706721F1DC0AF4C00B6BE63 /* ViewController.m */; };
		570672231DC0AF4C00B6BE63 /* Main.storyboard in Resources */ = {isa = PBXBuildFile; fileRef = 570672211DC0AF4C00B6BE63 /* Main.storyboard */; };
		570672251DC0AF4C00B6BE63 /* Assets.xcassets in Resources */ = {isa = PBXBuildFile; fileRef = 570672241DC0AF4C00B6BE63 /* Assets.xcassets */; };
		570672281DC0AF4C00B6BE63 /* LaunchScreen.storyboard in Resources */ = {isa = PBXBuildFile; fileRef = 570672261DC0AF4C00B6BE63 /* LaunchScreen.storyboard */; };
		570672331DC0AF4C00B6BE63 /* PPX_FilterAndStickersTests.m in Sources */ = {isa = PBXBuildFile; fileRef = 570672321DC0AF4C00B6BE63 /* PPX_FilterAndStickersTests.m */; };
		5706723E1DC0AF4C00B6BE63 /* PPX_FilterAndStickersUITests.m in Sources */ = {isa = PBXBuildFile; fileRef = 5706723D1DC0AF4C00B6BE63 /* PPX_FilterAndStickersUITests.m */; };
		570672591DC0B01C00B6BE63 /* 1.png in Resources */ = {isa = PBXBuildFile; fileRef = 5706724E1DC0B01C00B6BE63 /* 1.png */; };
		5706725A1DC0B01C00B6BE63 /* 2.png in Resources */ = {isa = PBXBuildFile; fileRef = 5706724F1DC0B01C00B6BE63 /* 2.png */; };
		5706725B1DC0B01C00B6BE63 /* 3.png in Resources */ = {isa = PBXBuildFile; fileRef = 570672501DC0B01C00B6BE63 /* 3.png */; };
		5706725C1DC0B01C00B6BE63 /* 4.png in Resources */ = {isa = PBXBuildFile; fileRef = 570672511DC0B01C00B6BE63 /* 4.png */; };
		5706725D1DC0B01C00B6BE63 /* 5.png in Resources */ = {isa = PBXBuildFile; fileRef = 570672521DC0B01C00B6BE63 /* 5.png */; };
		5706725E1DC0B01C00B6BE63 /* bt_paster_delete.png in Resources */ = {isa = PBXBuildFile; fileRef = 570672531DC0B01C00B6BE63 /* bt_paster_delete.png */; };
		5706725F1DC0B01C00B6BE63 /* bt_paster_delete@2x.png in Resources */ = {isa = PBXBuildFile; fileRef = 570672541DC0B01C00B6BE63 /* bt_paster_delete@2x.png */; };
		570672601DC0B01C00B6BE63 /* bt_paster_delete@3x.png in Resources */ = {isa = PBXBuildFile; fileRef = 570672551DC0B01C00B6BE63 /* bt_paster_delete@3x.png */; };
		570672611DC0B01C00B6BE63 /* bt_paster_transform.png in Resources */ = {isa = PBXBuildFile; fileRef = 570672561DC0B01C00B6BE63 /* bt_paster_transform.png */; };
		570672621DC0B01C00B6BE63 /* bt_paster_transform@2x.png in Resources */ = {isa = PBXBuildFile; fileRef = 570672571DC0B01C00B6BE63 /* bt_paster_transform@2x.png */; };
		570672631DC0B01C00B6BE63 /* bt_paster_transform@3x.png in Resources */ = {isa = PBXBuildFile; fileRef = 570672581DC0B01C00B6BE63 /* bt_paster_transform@3x.png */; };
		570672651DC0B02100B6BE63 /* 5804dd84a5989.jpg in Resources */ = {isa = PBXBuildFile; fileRef = 570672641DC0B02100B6BE63 /* 5804dd84a5989.jpg */; };
		570672FE1DC0B3F200B6BE63 /* PPX_PhotoEditorsViewController.m in Sources */ = {isa = PBXBuildFile; fileRef = 570672EF1DC0B3F200B6BE63 /* PPX_PhotoEditorsViewController.m */; };
		570673001DC0B3F200B6BE63 /* ImageUtil.m in Sources */ = {isa = PBXBuildFile; fileRef = 570672F61DC0B3F200B6BE63 /* ImageUtil.m */; };
		570673011DC0B3F200B6BE63 /* UIImage+AddFunction.m in Sources */ = {isa = PBXBuildFile; fileRef = 570672F81DC0B3F200B6BE63 /* UIImage+AddFunction.m */; };
		570673081DC0B71F00B6BE63 /* PPXPasterStageView.m in Sources */ = {isa = PBXBuildFile; fileRef = 570673051DC0B71F00B6BE63 /* PPXPasterStageView.m */; };
		570673091DC0B71F00B6BE63 /* PPXPasterView.m in Sources */ = {isa = PBXBuildFile; fileRef = 570673071DC0B71F00B6BE63 /* PPXPasterView.m */; };
		5706730D1DC0B74000B6BE63 /* PPXStickersScrollView.m in Sources */ = {isa = PBXBuildFile; fileRef = 5706730C1DC0B74000B6BE63 /* PPXStickersScrollView.m */; };
		570673111DC0B76000B6BE63 /* PPXFilterScrollView.m in Sources */ = {isa = PBXBuildFile; fileRef = 570673101DC0B76000B6BE63 /* PPXFilterScrollView.m */; };
/* End PBXBuildFile section */

/* Begin PBXContainerItemProxy section */
		5706722F1DC0AF4C00B6BE63 /* PBXContainerItemProxy */ = {
			isa = PBXContainerItemProxy;
			containerPortal = 5706720D1DC0AF4C00B6BE63 /* Project object */;
			proxyType = 1;
			remoteGlobalIDString = 570672141DC0AF4C00B6BE63;
			remoteInfo = PPX_FilterAndStickers;
		};
		5706723A1DC0AF4C00B6BE63 /* PBXContainerItemProxy */ = {
			isa = PBXContainerItemProxy;
			containerPortal = 5706720D1DC0AF4C00B6BE63 /* Project object */;
			proxyType = 1;
			remoteGlobalIDString = 570672141DC0AF4C00B6BE63;
			remoteInfo = PPX_FilterAndStickers;
		};
/* End PBXContainerItemProxy section */

/* Begin PBXFileReference section */
		570672151DC0AF4C00B6BE63 /* PPX_FilterAndStickers.app */ = {isa = PBXFileReference; explicitFileType = wrapper.application; includeInIndex = 0; path = PPX_FilterAndStickers.app; sourceTree = BUILT_PRODUCTS_DIR; };
		570672191DC0AF4C00B6BE63 /* main.m */ = {isa = PBXFileReference; lastKnownFileType = sourcecode.c.objc; path = main.m; sourceTree = "<group>"; };
		5706721B1DC0AF4C00B6BE63 /* AppDelegate.h */ = {isa = PBXFileReference; lastKnownFileType = sourcecode.c.h; path = AppDelegate.h; sourceTree = "<group>"; };
		5706721C1DC0AF4C00B6BE63 /* AppDelegate.m */ = {isa = PBXFileReference; lastKnownFileType = sourcecode.c.objc; path = AppDelegate.m; sourceTree = "<group>"; };
		5706721E1DC0AF4C00B6BE63 /* ViewController.h */ = {isa = PBXFileReference; lastKnownFileType = sourcecode.c.h; path = ViewController.h; sourceTree = "<group>"; };
		5706721F1DC0AF4C00B6BE63 /* ViewController.m */ = {isa = PBXFileReference; lastKnownFileType = sourcecode.c.objc; path = ViewController.m; sourceTree = "<group>"; };
		570672221DC0AF4C00B6BE63 /* Base */ = {isa = PBXFileReference; lastKnownFileType = file.storyboard; name = Base; path = Base.lproj/Main.storyboard; sourceTree = "<group>"; };
		570672241DC0AF4C00B6BE63 /* Assets.xcassets */ = {isa = PBXFileReference; lastKnownFileType = folder.assetcatalog; path = Assets.xcassets; sourceTree = "<group>"; };
		570672271DC0AF4C00B6BE63 /* Base */ = {isa = PBXFileReference; lastKnownFileType = file.storyboard; name = Base; path = Base.lproj/LaunchScreen.storyboard; sourceTree = "<group>"; };
		570672291DC0AF4C00B6BE63 /* Info.plist */ = {isa = PBXFileReference; lastKnownFileType = text.plist.xml; path = Info.plist; sourceTree = "<group>"; };
		5706722E1DC0AF4C00B6BE63 /* PPX_FilterAndStickersTests.xctest */ = {isa = PBXFileReference; explicitFileType = wrapper.cfbundle; includeInIndex = 0; path = PPX_FilterAndStickersTests.xctest; sourceTree = BUILT_PRODUCTS_DIR; };
		570672321DC0AF4C00B6BE63 /* PPX_FilterAndStickersTests.m */ = {isa = PBXFileReference; lastKnownFileType = sourcecode.c.objc; path = PPX_FilterAndStickersTests.m; sourceTree = "<group>"; };
		570672341DC0AF4C00B6BE63 /* Info.plist */ = {isa = PBXFileReference; lastKnownFileType = text.plist.xml; path = Info.plist; sourceTree = "<group>"; };
		570672391DC0AF4C00B6BE63 /* PPX_FilterAndStickersUITests.xctest */ = {isa = PBXFileReference; explicitFileType = wrapper.cfbundle; includeInIndex = 0; path = PPX_FilterAndStickersUITests.xctest; sourceTree = BUILT_PRODUCTS_DIR; };
		5706723D1DC0AF4C00B6BE63 /* PPX_FilterAndStickersUITests.m */ = {isa = PBXFileReference; lastKnownFileType = sourcecode.c.objc; path = PPX_FilterAndStickersUITests.m; sourceTree = "<group>"; };
		5706723F1DC0AF4C00B6BE63 /* Info.plist */ = {isa = PBXFileReference; lastKnownFileType = text.plist.xml; path = Info.plist; sourceTree = "<group>"; };
		5706724E1DC0B01C00B6BE63 /* 1.png */ = {isa = PBXFileReference; lastKnownFileType = image.png; path = 1.png; sourceTree = "<group>"; };
		5706724F1DC0B01C00B6BE63 /* 2.png */ = {isa = PBXFileReference; lastKnownFileType = image.png; path = 2.png; sourceTree = "<group>"; };
		570672501DC0B01C00B6BE63 /* 3.png */ = {isa = PBXFileReference; lastKnownFileType = image.png; path = 3.png; sourceTree = "<group>"; };
		570672511DC0B01C00B6BE63 /* 4.png */ = {isa = PBXFileReference; lastKnownFileType = image.png; path = 4.png; sourceTree = "<group>"; };
		570672521DC0B01C00B6BE63 /* 5.png */ = {isa = PBXFileReference; lastKnownFileType = image.png; path = 5.png; sourceTree = "<group>"; };
		570672531DC0B01C00B6BE63 /* bt_paster_delete.png */ = {isa = PBXFileReference; lastKnownFileType = image.png; path = bt_paster_delete.png; sourceTree = "<group>"; };
		570672541DC0B01C00B6BE63 /* bt_paster_delete@2x.png */ = {isa = PBXFileReference; lastKnownFileType = image.png; path = "bt_paster_delete@2x.png"; sourceTree = "<group>"; };
		570672551DC0B01C00B6BE63 /* bt_paster_delete@3x.png */ = {isa = PBXFileReference; lastKnownFileType = image.png; path = "bt_paster_delete@3x.png"; sourceTree = "<group>"; };
		570672561DC0B01C00B6BE63 /* bt_paster_transform.png */ = {isa = PBXFileReference; lastKnownFileType = image.png; path = bt_paster_transform.png; sourceTree = "<group>"; };
		570672571DC0B01C00B6BE63 /* bt_paster_transform@2x.png */ = {isa = PBXFileReference; lastKnownFileType = image.png; path = "bt_paster_transform@2x.png"; sourceTree = "<group>"; };
		570672581DC0B01C00B6BE63 /* bt_paster_transform@3x.png */ = {isa = PBXFileReference; lastKnownFileType = image.png; path = "bt_paster_transform@3x.png"; sourceTree = "<group>"; };
		570672641DC0B02100B6BE63 /* 5804dd84a5989.jpg */ = {isa = PBXFileReference; lastKnownFileType = image.jpeg; path = 5804dd84a5989.jpg; sourceTree = "<group>"; };
		570672EE1DC0B3F200B6BE63 /* PPX_PhotoEditorsViewController.h */ = {isa = PBXFileReference; fileEncoding = 4; lastKnownFileType = sourcecode.c.h; path = PPX_PhotoEditorsViewController.h; sourceTree = "<group>"; };
		570672EF1DC0B3F200B6BE63 /* PPX_PhotoEditorsViewController.m */ = {isa = PBXFileReference; fileEncoding = 4; lastKnownFileType = sourcecode.c.objc; path = PPX_PhotoEditorsViewController.m; sourceTree = "<group>"; };
		570672F41DC0B3F200B6BE63 /* ColorMatrix.h */ = {isa = PBXFileReference; fileEncoding = 4; lastKnownFileType = sourcecode.c.h; path = ColorMatrix.h; sourceTree = "<group>"; };
		570672F51DC0B3F200B6BE63 /* ImageUtil.h */ = {isa = PBXFileReference; fileEncoding = 4; lastKnownFileType = sourcecode.c.h; path = ImageUtil.h; sourceTree = "<group>"; };
		570672F61DC0B3F200B6BE63 /* ImageUtil.m */ = {isa = PBXFileReference; fileEncoding = 4; lastKnownFileType = sourcecode.c.objc; path = ImageUtil.m; sourceTree = "<group>"; };
		570672F71DC0B3F200B6BE63 /* UIImage+AddFunction.h */ = {isa = PBXFileReference; fileEncoding = 4; lastKnownFileType = sourcecode.c.h; path = "UIImage+AddFunction.h"; sourceTree = "<group>"; };
		570672F81DC0B3F200B6BE63 /* UIImage+AddFunction.m */ = {isa = PBXFileReference; fileEncoding = 4; lastKnownFileType = sourcecode.c.objc; path = "UIImage+AddFunction.m"; sourceTree = "<group>"; };
		570673041DC0B71F00B6BE63 /* PPXPasterStageView.h */ = {isa = PBXFileReference; fileEncoding = 4; lastKnownFileType = sourcecode.c.h; path = PPXPasterStageView.h; sourceTree = "<group>"; };
		570673051DC0B71F00B6BE63 /* PPXPasterStageView.m */ = {isa = PBXFileReference; fileEncoding = 4; lastKnownFileType = sourcecode.c.objc; path = PPXPasterStageView.m; sourceTree = "<group>"; };
		570673061DC0B71F00B6BE63 /* PPXPasterView.h */ = {isa = PBXFileReference; fileEncoding = 4; lastKnownFileType = sourcecode.c.h; path = PPXPasterView.h; sourceTree = "<group>"; };
		570673071DC0B71F00B6BE63 /* PPXPasterView.m */ = {isa = PBXFileReference; fileEncoding = 4; lastKnownFileType = sourcecode.c.objc; path = PPXPasterView.m; sourceTree = "<group>"; };
		5706730B1DC0B74000B6BE63 /* PPXStickersScrollView.h */ = {isa = PBXFileReference; fileEncoding = 4; lastKnownFileType = sourcecode.c.h; path = PPXStickersScrollView.h; sourceTree = "<group>"; };
		5706730C1DC0B74000B6BE63 /* PPXStickersScrollView.m */ = {isa = PBXFileReference; fileEncoding = 4; lastKnownFileType = sourcecode.c.objc; path = PPXStickersScrollView.m; sourceTree = "<group>"; };
		5706730F1DC0B76000B6BE63 /* PPXFilterScrollView.h */ = {isa = PBXFileReference; fileEncoding = 4; lastKnownFileType = sourcecode.c.h; path = PPXFilterScrollView.h; sourceTree = "<group>"; };
		570673101DC0B76000B6BE63 /* PPXFilterScrollView.m */ = {isa = PBXFileReference; fileEncoding = 4; lastKnownFileType = sourcecode.c.objc; path = PPXFilterScrollView.m; sourceTree = "<group>"; };
/* End PBXFileReference section */

/* Begin PBXFrameworksBuildPhase section */
		570672121DC0AF4C00B6BE63 /* Frameworks */ = {
			isa = PBXFrameworksBuildPhase;
			buildActionMask = 2147483647;
			files = (
			);
			runOnlyForDeploymentPostprocessing = 0;
		};
		5706722B1DC0AF4C00B6BE63 /* Frameworks */ = {
			isa = PBXFrameworksBuildPhase;
			buildActionMask = 2147483647;
			files = (
			);
			runOnlyForDeploymentPostprocessing = 0;
		};
		570672361DC0AF4C00B6BE63 /* Frameworks */ = {
			isa = PBXFrameworksBuildPhase;
			buildActionMask = 2147483647;
			files = (
			);
			runOnlyForDeploymentPostprocessing = 0;
		};
/* End PBXFrameworksBuildPhase section */

/* Begin PBXGroup section */
		5706720C1DC0AF4C00B6BE63 = {
			isa = PBXGroup;
			children = (
				570672641DC0B02100B6BE63 /* 5804dd84a5989.jpg */,
				570672171DC0AF4C00B6BE63 /* PPX_FilterAndStickers */,
				570672311DC0AF4C00B6BE63 /* PPX_FilterAndStickersTests */,
				5706723C1DC0AF4C00B6BE63 /* PPX_FilterAndStickersUITests */,
				570672161DC0AF4C00B6BE63 /* Products */,
			);
			sourceTree = "<group>";
		};
		570672161DC0AF4C00B6BE63 /* Products */ = {
			isa = PBXGroup;
			children = (
				570672151DC0AF4C00B6BE63 /* PPX_FilterAndStickers.app */,
				5706722E1DC0AF4C00B6BE63 /* PPX_FilterAndStickersTests.xctest */,
				570672391DC0AF4C00B6BE63 /* PPX_FilterAndStickersUITests.xctest */,
			);
			name = Products;
			sourceTree = "<group>";
		};
		570672171DC0AF4C00B6BE63 /* PPX_FilterAndStickers */ = {
			isa = PBXGroup;
			children = (
				570672E81DC0B3F200B6BE63 /* PPX_PhotoEditors */,
				5706724D1DC0B01C00B6BE63 /* Image */,
				5706721B1DC0AF4C00B6BE63 /* AppDelegate.h */,
				5706721C1DC0AF4C00B6BE63 /* AppDelegate.m */,
				5706721E1DC0AF4C00B6BE63 /* ViewController.h */,
				5706721F1DC0AF4C00B6BE63 /* ViewController.m */,
				570672211DC0AF4C00B6BE63 /* Main.storyboard */,
				570672241DC0AF4C00B6BE63 /* Assets.xcassets */,
				570672261DC0AF4C00B6BE63 /* LaunchScreen.storyboard */,
				570672291DC0AF4C00B6BE63 /* Info.plist */,
				570672181DC0AF4C00B6BE63 /* Supporting Files */,
			);
			path = PPX_FilterAndStickers;
			sourceTree = "<group>";
		};
		570672181DC0AF4C00B6BE63 /* Supporting Files */ = {
			isa = PBXGroup;
			children = (
				570672191DC0AF4C00B6BE63 /* main.m */,
			);
			name = "Supporting Files";
			sourceTree = "<group>";
		};
		570672311DC0AF4C00B6BE63 /* PPX_FilterAndStickersTests */ = {
			isa = PBXGroup;
			children = (
				570672321DC0AF4C00B6BE63 /* PPX_FilterAndStickersTests.m */,
				570672341DC0AF4C00B6BE63 /* Info.plist */,
			);
			path = PPX_FilterAndStickersTests;
			sourceTree = "<group>";
		};
		5706723C1DC0AF4C00B6BE63 /* PPX_FilterAndStickersUITests */ = {
			isa = PBXGroup;
			children = (
				5706723D1DC0AF4C00B6BE63 /* PPX_FilterAndStickersUITests.m */,
				5706723F1DC0AF4C00B6BE63 /* Info.plist */,
			);
			path = PPX_FilterAndStickersUITests;
			sourceTree = "<group>";
		};
		5706724D1DC0B01C00B6BE63 /* Image */ = {
			isa = PBXGroup;
			children = (
				5706724E1DC0B01C00B6BE63 /* 1.png */,
				5706724F1DC0B01C00B6BE63 /* 2.png */,
				570672501DC0B01C00B6BE63 /* 3.png */,
				570672511DC0B01C00B6BE63 /* 4.png */,
				570672521DC0B01C00B6BE63 /* 5.png */,
				570672531DC0B01C00B6BE63 /* bt_paster_delete.png */,
				570672541DC0B01C00B6BE63 /* bt_paster_delete@2x.png */,
				570672551DC0B01C00B6BE63 /* bt_paster_delete@3x.png */,
				570672561DC0B01C00B6BE63 /* bt_paster_transform.png */,
				570672571DC0B01C00B6BE63 /* bt_paster_transform@2x.png */,
				570672581DC0B01C00B6BE63 /* bt_paster_transform@3x.png */,
			);
			path = Image;
			sourceTree = "<group>";
		};
		570672E81DC0B3F200B6BE63 /* PPX_PhotoEditors */ = {
			isa = PBXGroup;
			children = (
				570672F31DC0B3F200B6BE63 /* Util */,
				5706730E1DC0B76000B6BE63 /* PPXFilterScrollView */,
				5706730A1DC0B74000B6BE63 /* PPXStickersScrollView */,
				570673031DC0B71F00B6BE63 /* PPX_Paster */,
				570672EE1DC0B3F200B6BE63 /* PPX_PhotoEditorsViewController.h */,
				570672EF1DC0B3F200B6BE63 /* PPX_PhotoEditorsViewController.m */,
			);
			path = PPX_PhotoEditors;
			sourceTree = "<group>";
		};
		570672F31DC0B3F200B6BE63 /* Util */ = {
			isa = PBXGroup;
			children = (
				570672F41DC0B3F200B6BE63 /* ColorMatrix.h */,
				570672F51DC0B3F200B6BE63 /* ImageUtil.h */,
				570672F61DC0B3F200B6BE63 /* ImageUtil.m */,
				570672F71DC0B3F200B6BE63 /* UIImage+AddFunction.h */,
				570672F81DC0B3F200B6BE63 /* UIImage+AddFunction.m */,
			);
			path = Util;
			sourceTree = "<group>";
		};
		570673031DC0B71F00B6BE63 /* PPX_Paster */ = {
			isa = PBXGroup;
			children = (
				570673041DC0B71F00B6BE63 /* PPXPasterStageView.h */,
				570673051DC0B71F00B6BE63 /* PPXPasterStageView.m */,
				570673061DC0B71F00B6BE63 /* PPXPasterView.h */,
				570673071DC0B71F00B6BE63 /* PPXPasterView.m */,
			);
			path = PPX_Paster;
			sourceTree = "<group>";
		};
		5706730A1DC0B74000B6BE63 /* PPXStickersScrollView */ = {
			isa = PBXGroup;
			children = (
				5706730B1DC0B74000B6BE63 /* PPXStickersScrollView.h */,
				5706730C1DC0B74000B6BE63 /* PPXStickersScrollView.m */,
			);
			path = PPXStickersScrollView;
			sourceTree = "<group>";
		};
		5706730E1DC0B76000B6BE63 /* PPXFilterScrollView */ = {
			isa = PBXGroup;
			children = (
				5706730F1DC0B76000B6BE63 /* PPXFilterScrollView.h */,
				570673101DC0B76000B6BE63 /* PPXFilterScrollView.m */,
			);
			path = PPXFilterScrollView;
			sourceTree = "<group>";
		};
/* End PBXGroup section */

/* Begin PBXNativeTarget section */
		570672141DC0AF4C00B6BE63 /* PPX_FilterAndStickers */ = {
			isa = PBXNativeTarget;
			buildConfigurationList = 570672421DC0AF4C00B6BE63 /* Build configuration list for PBXNativeTarget "PPX_FilterAndStickers" */;
			buildPhases = (
				570672111DC0AF4C00B6BE63 /* Sources */,
				570672121DC0AF4C00B6BE63 /* Frameworks */,
				570672131DC0AF4C00B6BE63 /* Resources */,
			);
			buildRules = (
			);
			dependencies = (
			);
			name = PPX_FilterAndStickers;
			productName = PPX_FilterAndStickers;
			productReference = 570672151DC0AF4C00B6BE63 /* PPX_FilterAndStickers.app */;
			productType = "com.apple.product-type.application";
		};
		5706722D1DC0AF4C00B6BE63 /* PPX_FilterAndStickersTests */ = {
			isa = PBXNativeTarget;
			buildConfigurationList = 570672451DC0AF4C00B6BE63 /* Build configuration list for PBXNativeTarget "PPX_FilterAndStickersTests" */;
			buildPhases = (
				5706722A1DC0AF4C00B6BE63 /* Sources */,
				5706722B1DC0AF4C00B6BE63 /* Frameworks */,
				5706722C1DC0AF4C00B6BE63 /* Resources */,
			);
			buildRules = (
			);
			dependencies = (
				570672301DC0AF4C00B6BE63 /* PBXTargetDependency */,
			);
			name = PPX_FilterAndStickersTests;
			productName = PPX_FilterAndStickersTests;
			productReference = 5706722E1DC0AF4C00B6BE63 /* PPX_FilterAndStickersTests.xctest */;
			productType = "com.apple.product-type.bundle.unit-test";
		};
		570672381DC0AF4C00B6BE63 /* PPX_FilterAndStickersUITests */ = {
			isa = PBXNativeTarget;
			buildConfigurationList = 570672481DC0AF4C00B6BE63 /* Build configuration list for PBXNativeTarget "PPX_FilterAndStickersUITests" */;
			buildPhases = (
				570672351DC0AF4C00B6BE63 /* Sources */,
				570672361DC0AF4C00B6BE63 /* Frameworks */,
				570672371DC0AF4C00B6BE63 /* Resources */,
			);
			buildRules = (
			);
			dependencies = (
				5706723B1DC0AF4C00B6BE63 /* PBXTargetDependency */,
			);
			name = PPX_FilterAndStickersUITests;
			productName = PPX_FilterAndStickersUITests;
			productReference = 570672391DC0AF4C00B6BE63 /* PPX_FilterAndStickersUITests.xctest */;
			productType = "com.apple.product-type.bundle.ui-testing";
		};
/* End PBXNativeTarget section */

/* Begin PBXProject section */
		5706720D1DC0AF4C00B6BE63 /* Project object */ = {
			isa = PBXProject;
			attributes = {
				LastUpgradeCheck = 0730;
				ORGANIZATIONNAME = pipixia;
				TargetAttributes = {
					570672141DC0AF4C00B6BE63 = {
						CreatedOnToolsVersion = 7.3.1;
					};
					5706722D1DC0AF4C00B6BE63 = {
						CreatedOnToolsVersion = 7.3.1;
						TestTargetID = 570672141DC0AF4C00B6BE63;
					};
					570672381DC0AF4C00B6BE63 = {
						CreatedOnToolsVersion = 7.3.1;
						TestTargetID = 570672141DC0AF4C00B6BE63;
					};
				};
			};
			buildConfigurationList = 570672101DC0AF4C00B6BE63 /* Build configuration list for PBXProject "PPX_FilterAndStickers" */;
			compatibilityVersion = "Xcode 3.2";
			developmentRegion = English;
			hasScannedForEncodings = 0;
			knownRegions = (
				en,
				Base,
			);
			mainGroup = 5706720C1DC0AF4C00B6BE63;
			productRefGroup = 570672161DC0AF4C00B6BE63 /* Products */;
			projectDirPath = "";
			projectRoot = "";
			targets = (
				570672141DC0AF4C00B6BE63 /* PPX_FilterAndStickers */,
				5706722D1DC0AF4C00B6BE63 /* PPX_FilterAndStickersTests */,
				570672381DC0AF4C00B6BE63 /* PPX_FilterAndStickersUITests */,
			);
		};
/* End PBXProject section */

/* Begin PBXResourcesBuildPhase section */
		570672131DC0AF4C00B6BE63 /* Resources */ = {
			isa = PBXResourcesBuildPhase;
			buildActionMask = 2147483647;
			files = (
				570672281DC0AF4C00B6BE63 /* LaunchScreen.storyboard in Resources */,
				570672631DC0B01C00B6BE63 /* bt_paster_transform@3x.png in Resources */,
				5706725C1DC0B01C00B6BE63 /* 4.png in Resources */,
				570672591DC0B01C00B6BE63 /* 1.png in Resources */,
				570672651DC0B02100B6BE63 /* 5804dd84a5989.jpg in Resources */,
				5706725A1DC0B01C00B6BE63 /* 2.png in Resources */,
				570672621DC0B01C00B6BE63 /* bt_paster_transform@2x.png in Resources */,
				5706725F1DC0B01C00B6BE63 /* bt_paster_delete@2x.png in Resources */,
				5706725B1DC0B01C00B6BE63 /* 3.png in Resources */,
				5706725D1DC0B01C00B6BE63 /* 5.png in Resources */,
				570672251DC0AF4C00B6BE63 /* Assets.xcassets in Resources */,
				570672231DC0AF4C00B6BE63 /* Main.storyboard in Resources */,
				570672611DC0B01C00B6BE63 /* bt_paster_transform.png in Resources */,
				570672601DC0B01C00B6BE63 /* bt_paster_delete@3x.png in Resources */,
				5706725E1DC0B01C00B6BE63 /* bt_paster_delete.png in Resources */,
			);
			runOnlyForDeploymentPostprocessing = 0;
		};
		5706722C1DC0AF4C00B6BE63 /* Resources */ = {
			isa = PBXResourcesBuildPhase;
			buildActionMask = 2147483647;
			files = (
			);
			runOnlyForDeploymentPostprocessing = 0;
		};
		570672371DC0AF4C00B6BE63 /* Resources */ = {
			isa = PBXResourcesBuildPhase;
			buildActionMask = 2147483647;
			files = (
			);
			runOnlyForDeploymentPostprocessing = 0;
		};
/* End PBXResourcesBuildPhase section */

/* Begin PBXSourcesBuildPhase section */
		570672111DC0AF4C00B6BE63 /* Sources */ = {
			isa = PBXSourcesBuildPhase;
			buildActionMask = 2147483647;
			files = (
				570673091DC0B71F00B6BE63 /* PPXPasterView.m in Sources */,
				570673011DC0B3F200B6BE63 /* UIImage+AddFunction.m in Sources */,
				570672201DC0AF4C00B6BE63 /* ViewController.m in Sources */,
				5706730D1DC0B74000B6BE63 /* PPXStickersScrollView.m in Sources */,
				570673111DC0B76000B6BE63 /* PPXFilterScrollView.m in Sources */,
				570673081DC0B71F00B6BE63 /* PPXPasterStageView.m in Sources */,
				5706721D1DC0AF4C00B6BE63 /* AppDelegate.m in Sources */,
				570672FE1DC0B3F200B6BE63 /* PPX_PhotoEditorsViewController.m in Sources */,
				5706721A1DC0AF4C00B6BE63 /* main.m in Sources */,
				570673001DC0B3F200B6BE63 /* ImageUtil.m in Sources */,
			);
			runOnlyForDeploymentPostprocessing = 0;
		};
		5706722A1DC0AF4C00B6BE63 /* Sources */ = {
			isa = PBXSourcesBuildPhase;
			buildActionMask = 2147483647;
			files = (
				570672331DC0AF4C00B6BE63 /* PPX_FilterAndStickersTests.m in Sources */,
			);
			runOnlyForDeploymentPostprocessing = 0;
		};
		570672351DC0AF4C00B6BE63 /* Sources */ = {
			isa = PBXSourcesBuildPhase;
			buildActionMask = 2147483647;
			files = (
				5706723E1DC0AF4C00B6BE63 /* PPX_FilterAndStickersUITests.m in Sources */,
			);
			runOnlyForDeploymentPostprocessing = 0;
		};
/* End PBXSourcesBuildPhase section */

/* Begin PBXTargetDependency section */
		570672301DC0AF4C00B6BE63 /* PBXTargetDependency */ = {
			isa = PBXTargetDependency;
			target = 570672141DC0AF4C00B6BE63 /* PPX_FilterAndStickers */;
			targetProxy = 5706722F1DC0AF4C00B6BE63 /* PBXContainerItemProxy */;
		};
		5706723B1DC0AF4C00B6BE63 /* PBXTargetDependency */ = {
			isa = PBXTargetDependency;
			target = 570672141DC0AF4C00B6BE63 /* PPX_FilterAndStickers */;
			targetProxy = 5706723A1DC0AF4C00B6BE63 /* PBXContainerItemProxy */;
		};
/* End PBXTargetDependency section */

/* Begin PBXVariantGroup section */
		570672211DC0AF4C00B6BE63 /* Main.storyboard */ = {
			isa = PBXVariantGroup;
			children = (
				570672221DC0AF4C00B6BE63 /* Base */,
			);
			name = Main.storyboard;
			sourceTree = "<group>";
		};
		570672261DC0AF4C00B6BE63 /* LaunchScreen.storyboard */ = {
			isa = PBXVariantGroup;
			children = (
				570672271DC0AF4C00B6BE63 /* Base */,
			);
			name = LaunchScreen.storyboard;
			sourceTree = "<group>";
		};
/* End PBXVariantGroup section */

/* Begin XCBuildConfiguration section */
		570672401DC0AF4C00B6BE63 /* Debug */ = {
			isa = XCBuildConfiguration;
			buildSettings = {
				ALWAYS_SEARCH_USER_PATHS = NO;
				CLANG_ANALYZER_NONNULL = YES;
				CLANG_CXX_LANGUAGE_STANDARD = "gnu++0x";
				CLANG_CXX_LIBRARY = "libc++";
				CLANG_ENABLE_MODULES = YES;
				CLANG_ENABLE_OBJC_ARC = YES;
				CLANG_WARN_BOOL_CONVERSION = YES;
				CLANG_WARN_CONSTANT_CONVERSION = YES;
				CLANG_WARN_DIRECT_OBJC_ISA_USAGE = YES_ERROR;
				CLANG_WARN_EMPTY_BODY = YES;
				CLANG_WARN_ENUM_CONVERSION = YES;
				CLANG_WARN_INT_CONVERSION = YES;
				CLANG_WARN_OBJC_ROOT_CLASS = YES_ERROR;
				CLANG_WARN_UNREACHABLE_CODE = YES;
				CLANG_WARN__DUPLICATE_METHOD_MATCH = YES;
				"CODE_SIGN_IDENTITY[sdk=iphoneos*]" = "iPhone Developer";
				COPY_PHASE_STRIP = NO;
				DEBUG_INFORMATION_FORMAT = dwarf;
				ENABLE_STRICT_OBJC_MSGSEND = YES;
				ENABLE_TESTABILITY = YES;
				GCC_C_LANGUAGE_STANDARD = gnu99;
				GCC_DYNAMIC_NO_PIC = NO;
				GCC_NO_COMMON_BLOCKS = YES;
				GCC_OPTIMIZATION_LEVEL = 0;
				GCC_PREPROCESSOR_DEFINITIONS = (
					"DEBUG=1",
					"$(inherited)",
				);
				GCC_WARN_64_TO_32_BIT_CONVERSION = YES;
				GCC_WARN_ABOUT_RETURN_TYPE = YES_ERROR;
				GCC_WARN_UNDECLARED_SELECTOR = YES;
				GCC_WARN_UNINITIALIZED_AUTOS = YES_AGGRESSIVE;
				GCC_WARN_UNUSED_FUNCTION = YES;
				GCC_WARN_UNUSED_VARIABLE = YES;
				IPHONEOS_DEPLOYMENT_TARGET = 9.3;
				MTL_ENABLE_DEBUG_INFO = YES;
				ONLY_ACTIVE_ARCH = YES;
				SDKROOT = iphoneos;
				TARGETED_DEVICE_FAMILY = "1,2";
			};
			name = Debug;
		};
		570672411DC0AF4C00B6BE63 /* Release */ = {
			isa = XCBuildConfiguration;
			buildSettings = {
				ALWAYS_SEARCH_USER_PATHS = NO;
				CLANG_ANALYZER_NONNULL = YES;
				CLANG_CXX_LANGUAGE_STANDARD = "gnu++0x";
				CLANG_CXX_LIBRARY = "libc++";
				CLANG_ENABLE_MODULES = YES;
				CLANG_ENABLE_OBJC_ARC = YES;
				CLANG_WARN_BOOL_CONVERSION = YES;
				CLANG_WARN_CONSTANT_CONVERSION = YES;
				CLANG_WARN_DIRECT_OBJC_ISA_USAGE = YES_ERROR;
				CLANG_WARN_EMPTY_BODY = YES;
				CLANG_WARN_ENUM_CONVERSION = YES;
				CLANG_WARN_INT_CONVERSION = YES;
				CLANG_WARN_OBJC_ROOT_CLASS = YES_ERROR;
				CLANG_WARN_UNREACHABLE_CODE = YES;
				CLANG_WARN__DUPLICATE_METHOD_MATCH = YES;
				"CODE_SIGN_IDENTITY[sdk=iphoneos*]" = "iPhone Developer";
				COPY_PHASE_STRIP = NO;
				DEBUG_INFORMATION_FORMAT = "dwarf-with-dsym";
				ENABLE_NS_ASSERTIONS = NO;
				ENABLE_STRICT_OBJC_MSGSEND = YES;
				GCC_C_LANGUAGE_STANDARD = gnu99;
				GCC_NO_COMMON_BLOCKS = YES;
				GCC_WARN_64_TO_32_BIT_CONVERSION = YES;
				GCC_WARN_ABOUT_RETURN_TYPE = YES_ERROR;
				GCC_WARN_UNDECLARED_SELECTOR = YES;
				GCC_WARN_UNINITIALIZED_AUTOS = YES_AGGRESSIVE;
				GCC_WARN_UNUSED_FUNCTION = YES;
				GCC_WARN_UNUSED_VARIABLE = YES;
				IPHONEOS_DEPLOYMENT_TARGET = 9.3;
				MTL_ENABLE_DEBUG_INFO = NO;
				SDKROOT = iphoneos;
				TARGETED_DEVICE_FAMILY = "1,2";
				VALIDATE_PRODUCT = YES;
			};
			name = Release;
		};
		570672431DC0AF4C00B6BE63 /* Debug */ = {
			isa = XCBuildConfiguration;
			buildSettings = {
				ASSETCATALOG_COMPILER_APPICON_NAME = AppIcon;
				INFOPLIST_FILE = PPX_FilterAndStickers/Info.plist;
				LD_RUNPATH_SEARCH_PATHS = "$(inherited) @executable_path/Frameworks";
				PRODUCT_BUNDLE_IDENTIFIER = "pipixia.PPX-FilterAndStickers";
				PRODUCT_NAME = "$(TARGET_NAME)";
			};
			name = Debug;
		};
		570672441DC0AF4C00B6BE63 /* Release */ = {
			isa = XCBuildConfiguration;
			buildSettings = {
				ASSETCATALOG_COMPILER_APPICON_NAME = AppIcon;
				INFOPLIST_FILE = PPX_FilterAndStickers/Info.plist;
				LD_RUNPATH_SEARCH_PATHS = "$(inherited) @executable_path/Frameworks";
				PRODUCT_BUNDLE_IDENTIFIER = "pipixia.PPX-FilterAndStickers";
				PRODUCT_NAME = "$(TARGET_NAME)";
			};
			name = Release;
		};
		570672461DC0AF4C00B6BE63 /* Debug */ = {
			isa = XCBuildConfiguration;
			buildSettings = {
				BUNDLE_LOADER = "$(TEST_HOST)";
				INFOPLIST_FILE = PPX_FilterAndStickersTests/Info.plist;
				LD_RUNPATH_SEARCH_PATHS = "$(inherited) @executable_path/Frameworks @loader_path/Frameworks";
				PRODUCT_BUNDLE_IDENTIFIER = "pipixia.PPX-FilterAndStickersTests";
				PRODUCT_NAME = "$(TARGET_NAME)";
				TEST_HOST = "$(BUILT_PRODUCTS_DIR)/PPX_FilterAndStickers.app/PPX_FilterAndStickers";
			};
			name = Debug;
		};
		570672471DC0AF4C00B6BE63 /* Release */ = {
			isa = XCBuildConfiguration;
			buildSettings = {
				BUNDLE_LOADER = "$(TEST_HOST)";
				INFOPLIST_FILE = PPX_FilterAndStickersTests/Info.plist;
				LD_RUNPATH_SEARCH_PATHS = "$(inherited) @executable_path/Frameworks @loader_path/Frameworks";
				PRODUCT_BUNDLE_IDENTIFIER = "pipixia.PPX-FilterAndStickersTests";
				PRODUCT_NAME = "$(TARGET_NAME)";
				TEST_HOST = "$(BUILT_PRODUCTS_DIR)/PPX_FilterAndStickers.app/PPX_FilterAndStickers";
			};
			name = Release;
		};
		570672491DC0AF4C00B6BE63 /* Debug */ = {
			isa = XCBuildConfiguration;
			buildSettings = {
				INFOPLIST_FILE = PPX_FilterAndStickersUITests/Info.plist;
				LD_RUNPATH_SEARCH_PATHS = "$(inherited) @executable_path/Frameworks @loader_path/Frameworks";
				PRODUCT_BUNDLE_IDENTIFIER = "pipixia.PPX-FilterAndStickersUITests";
				PRODUCT_NAME = "$(TARGET_NAME)";
				TEST_TARGET_NAME = PPX_FilterAndStickers;
			};
			name = Debug;
		};
		5706724A1DC0AF4C00B6BE63 /* Release */ = {
			isa = XCBuildConfiguration;
			buildSettings = {
				INFOPLIST_FILE = PPX_FilterAndStickersUITests/Info.plist;
				LD_RUNPATH_SEARCH_PATHS = "$(inherited) @executable_path/Frameworks @loader_path/Frameworks";
				PRODUCT_BUNDLE_IDENTIFIER = "pipixia.PPX-FilterAndStickersUITests";
				PRODUCT_NAME = "$(TARGET_NAME)";
				TEST_TARGET_NAME = PPX_FilterAndStickers;
			};
			name = Release;
		};
/* End XCBuildConfiguration section */

/* Begin XCConfigurationList section */
		570672101DC0AF4C00B6BE63 /* Build configuration list for PBXProject "PPX_FilterAndStickers" */ = {
			isa = XCConfigurationList;
			buildConfigurations = (
				570672401DC0AF4C00B6BE63 /* Debug */,
				570672411DC0AF4C00B6BE63 /* Release */,
			);
			defaultConfigurationIsVisible = 0;
			defaultConfigurationName = Release;
		};
		570672421DC0AF4C00B6BE63 /* Build configuration list for PBXNativeTarget "PPX_FilterAndStickers" */ = {
			isa = XCConfigurationList;
			buildConfigurations = (
				570672431DC0AF4C00B6BE63 /* Debug */,
				570672441DC0AF4C00B6BE63 /* Release */,
			);
			defaultConfigurationIsVisible = 0;
			defaultConfigurationName = Release;
		};
		570672451DC0AF4C00B6BE63 /* Build configuration list for PBXNativeTarget "PPX_FilterAndStickersTests" */ = {
			isa = XCConfigurationList;
			buildConfigurations = (
				570672461DC0AF4C00B6BE63 /* Debug */,
				570672471DC0AF4C00B6BE63 /* Release */,
			);
			defaultConfigurationIsVisible = 0;
			defaultConfigurationName = Release;
		};
		570672481DC0AF4C00B6BE63 /* Build configuration list for PBXNativeTarget "PPX_FilterAndStickersUITests" */ = {
			isa = XCConfigurationList;
			buildConfigurations = (
				570672491DC0AF4C00B6BE63 /* Debug */,
				5706724A1DC0AF4C00B6BE63 /* Release */,
			);
			defaultConfigurationIsVisible = 0;
			defaultConfigurationName = Release;
		};
/* End XCConfigurationList section */
	};
	rootObject = 5706720D1DC0AF4C00B6BE63 /* Project object */;
}
